
Microsoft Visual Studio Solution File, Format Version 12.00
# Visual Studio Version 16
VisualStudioVersion = 16.0.31025.194
MinimumVisualStudioVersion = 10.0.40219.1
Project("{8BC9CEB8-8B4A-11D0-8D11-00A0C91BC942}") = "Practice02-01", "Practice02-1\Practice02-1.vcxproj", "{A4A0DEB9-D07A-4B1C-9F52-73EAD7B21F79}"
EndProject
Project("{8BC9CEB8-8B4A-11D0-8D11-00A0C91BC942}") = "Practice02-02", "Practice02-2\Practice02-2.vcxproj", "{8CB4A20C-8E87-4326-B827-478B45778AD8}"
EndProject
Project("{8BC9CEB8-8B4A-11D0-8D11-00A0C91BC942}") = "Practice02-03", "Practice02-3\Practice02-3.vcxproj", "{A8642CE2-E0BE-4897-B8C7-6F0EAE4BB3C1}"
EndProject
Project("{8BC9CEB8-8B4A-11D0-8D11-00A0C91BC942}") = "Practice02-04", "Practice02-04\Practice02-04.vcxproj", "{A9490733-D1BC-45DE-A726-00DB30658986}"
EndProject
Project("{8BC9CEB8-8B4A-11D0-8D11-00A0C91BC942}") = "Practice02-05", "Practice02-05\Practice02-05.vcxproj", "{B3BD989C-F10C-488C-9FF0-F75F1DAFBD7E}"
EndProject
Project("{8BC9CEB8-8B4A-11D0-8D11-00A0C91BC942}") = "Practice02-06", "Practice02-06\Practice02-06.vcxproj", "{DAAC467F-3F28-4209-9127-82162D1F1C79}"
EndProject
Project("{8BC9CEB8-8B4A-11D0-8D11-00A0C91BC942}") = "Practice02-07", "Practice02-07\Practice02-07.vcxproj", "{3D1FF79A-FB17-4E73-AF9D-CC0AB948FF23}"
EndProject
Project("{8BC9CEB8-8B4A-11D0-8D11-00A0C91BC942}") = "Practice02-08", "Practice02-08\Practice02-08.vcxproj", "{52E23928-7D6F-4A6A-9243-188B09EF53BC}"
EndProject
Project("{8BC9CEB8-8B4A-11D0-8D11-00A0C91BC942}") = "Practice02-09", "Practice02-09\Practice02-09.vcxproj", "{FE5F9054-2778-46BA-835D-FC82AEC1A192}"
EndProject
Project("{8BC9CEB8-8B4A-11D0-8D11-00A0C91BC942}") = "Practice02-10", "Practice02-10\Practice02-10.vcxproj", "{67B86C10-08B8-4B68-A078-576031696023}"
EndProject
Project("{8BC9CEB8-8B4A-11D0-8D11-00A0C91BC942}") = "Practice02-11", "Practice02-11\Practice02-11.vcxproj", "{6F8EF6A2-1971-45ED-A054-D68B6C4F3AB8}"
EndProject
Project("{8BC9CEB8-8B4A-11D0-8D11-00A0C91BC942}") = "Practice02-12", "Practice02-12\Practice02-12.vcxproj", "{4BE38A93-8EB8-4984-ADE9-A58A92E1ECA5}"
EndProject
Project("{8BC9CEB8-8B4A-11D0-8D11-00A0C91BC942}") = "Practice02-13", "Practice02-13\Practice02-13.vcxproj", "{5913416A-FA24-4EB5-B6F5-17BB104AEC17}"
EndProject
Project("{8BC9CEB8-8B4A-11D0-8D11-00A0C91BC942}") = "Practice02-14", "Practice02-14\Practice02-14.vcxproj", "{10E7578D-E9F5-4750-B1E4-04C4B9A19949}"
EndProject
Project("{8BC9CEB8-8B4A-11D0-8D11-00A0C91BC942}") = "Practice02-15", "Practice02-15\Practice02-15.vcxproj", "{A44B1D7E-5178-43A5-BAEF-F42B639902C0}"
EndProject
Project("{8BC9CEB8-8B4A-11D0-8D11-00A0C91BC942}") = "Practice02-16", "Practice02-16\Practice02-16.vcxproj", "{88853E27-AEA1-4E81-A9E4-45D04D222BFF}"
EndProject
Project("{8BC9CEB8-8B4A-11D0-8D11-00A0C91BC942}") = "Practice02-17", "Practice02-17\Practice02-17.vcxproj", "{96B4E023-73AB-4A4F-A03A-B54E0CE8E80D}"
EndProject
Global
	GlobalSection(SolutionConfigurationPlatforms) = preSolution
		Debug|x64 = Debug|x64
		Debug|x86 = Debug|x86
		Release|x64 = Release|x64
		Release|x86 = Release|x86
	EndGlobalSection
	GlobalSection(ProjectConfigurationPlatforms) = postSolution
		{A4A0DEB9-D07A-4B1C-9F52-73EAD7B21F79}.Debug|x64.ActiveCfg = Debug|x64
		{A4A0DEB9-D07A-4B1C-9F52-73EAD7B21F79}.Debug|x64.Build.0 = Debug|x64
		{A4A0DEB9-D07A-4B1C-9F52-73EAD7B21F79}.Debug|x86.ActiveCfg = Debug|Win32
		{A4A0DEB9-D07A-4B1C-9F52-73EAD7B21F79}.Debug|x86.Build.0 = Debug|Win32
		{A4A0DEB9-D07A-4B1C-9F52-73EAD7B21F79}.Release|x64.ActiveCfg = Release|x64
		{A4A0DEB9-D07A-4B1C-9F52-73EAD7B21F79}.Release|x64.Build.0 = Release|x64
		{A4A0DEB9-D07A-4B1C-9F52-73EAD7B21F79}.Release|x86.ActiveCfg = Release|Win32
		{A4A0DEB9-D07A-4B1C-9F52-73EAD7B21F79}.Release|x86.Build.0 = Release|Win32
		{8CB4A20C-8E87-4326-B827-478B45778AD8}.Debug|x64.ActiveCfg = Debug|x64
		{8CB4A20C-8E87-4326-B827-478B45778AD8}.Debug|x64.Build.0 = Debug|x64
		{8CB4A20C-8E87-4326-B827-478B45778AD8}.Debug|x86.ActiveCfg = Debug|Win32
		{8CB4A20C-8E87-4326-B827-478B45778AD8}.Debug|x86.Build.0 = Debug|Win32
		{8CB4A20C-8E87-4326-B827-478B45778AD8}.Release|x64.ActiveCfg = Release|x64
		{8CB4A20C-8E87-4326-B827-478B45778AD8}.Release|x64.Build.0 = Release|x64
		{8CB4A20C-8E87-4326-B827-478B45778AD8}.Release|x86.ActiveCfg = Release|Win32
		{8CB4A20C-8E87-4326-B827-478B45778AD8}.Release|x86.Build.0 = Release|Win32
		{A8642CE2-E0BE-4897-B8C7-6F0EAE4BB3C1}.Debug|x64.ActiveCfg = Debug|x64
		{A8642CE2-E0BE-4897-B8C7-6F0EAE4BB3C1}.Debug|x64.Build.0 = Debug|x64
		{A8642CE2-E0BE-4897-B8C7-6F0EAE4BB3C1}.Debug|x86.ActiveCfg = Debug|Win32
		{A8642CE2-E0BE-4897-B8C7-6F0EAE4BB3C1}.Debug|x86.Build.0 = Debug|Win32
		{A8642CE2-E0BE-4897-B8C7-6F0EAE4BB3C1}.Release|x64.ActiveCfg = Release|x64
		{A8642CE2-E0BE-4897-B8C7-6F0EAE4BB3C1}.Release|x64.Build.0 = Release|x64
		{A8642CE2-E0BE-4897-B8C7-6F0EAE4BB3C1}.Release|x86.ActiveCfg = Release|Win32
		{A8642CE2-E0BE-4897-B8C7-6F0EAE4BB3C1}.Release|x86.Build.0 = Release|Win32
		{A9490733-D1BC-45DE-A726-00DB30658986}.Debug|x64.ActiveCfg = Debug|x64
		{A9490733-D1BC-45DE-A726-00DB30658986}.Debug|x64.Build.0 = Debug|x64
		{A9490733-D1BC-45DE-A726-00DB30658986}.Debug|x86.ActiveCfg = Debug|Win32
		{A9490733-D1BC-45DE-A726-00DB30658986}.Debug|x86.Build.0 = Debug|Win32
		{A9490733-D1BC-45DE-A726-00DB30658986}.Release|x64.ActiveCfg = Release|x64
		{A9490733-D1BC-45DE-A726-00DB30658986}.Release|x64.Build.0 = Release|x64
		{A9490733-D1BC-45DE-A726-00DB30658986}.Release|x86.ActiveCfg = Release|Win32
		{A9490733-D1BC-45DE-A726-00DB30658986}.Release|x86.Build.0 = Release|Win32
		{B3BD989C-F10C-488C-9FF0-F75F1DAFBD7E}.Debug|x64.ActiveCfg = Debug|x64
		{B3BD989C-F10C-488C-9FF0-F75F1DAFBD7E}.Debug|x64.Build.0 = Debug|x64
		{B3BD989C-F10C-488C-9FF0-F75F1DAFBD7E}.Debug|x86.ActiveCfg = Debug|Win32
		{B3BD989C-F10C-488C-9FF0-F75F1DAFBD7E}.Debug|x86.Build.0 = Debug|Win32
		{B3BD989C-F10C-488C-9FF0-F75F1DAFBD7E}.Release|x64.ActiveCfg = Release|x64
		{B3BD989C-F10C-488C-9FF0-F75F1DAFBD7E}.Release|x64.Build.0 = Release|x64
		{B3BD989C-F10C-488C-9FF0-F75F1DAFBD7E}.Release|x86.ActiveCfg = Release|Win32
		{B3BD989C-F10C-488C-9FF0-F75F1DAFBD7E}.Release|x86.Build.0 = Release|Win32
		{DAAC467F-3F28-4209-9127-82162D1F1C79}.Debug|x64.ActiveCfg = Debug|x64
		{DAAC467F-3F28-4209-9127-82162D1F1C79}.Debug|x64.Build.0 = Debug|x64
		{DAAC467F-3F28-4209-9127-82162D1F1C79}.Debug|x86.ActiveCfg = Debug|Win32
		{DAAC467F-3F28-4209-9127-82162D1F1C79}.Debug|x86.Build.0 = Debug|Win32
		{DAAC467F-3F28-4209-9127-82162D1F1C79}.Release|x64.ActiveCfg = Release|x64
		{DAAC467F-3F28-4209-9127-82162D1F1C79}.Release|x64.Build.0 = Release|x64
		{DAAC467F-3F28-4209-9127-82162D1F1C79}.Release|x86.ActiveCfg = Release|Win32
		{DAAC467F-3F28-4209-9127-82162D1F1C79}.Release|x86.Build.0 = Release|Win32
		{3D1FF79A-FB17-4E73-AF9D-CC0AB948FF23}.Debug|x64.ActiveCfg = Debug|x64
		{3D1FF79A-FB17-4E73-AF9D-CC0AB948FF23}.Debug|x64.Build.0 = Debug|x64
		{3D1FF79A-FB17-4E73-AF9D-CC0AB948FF23}.Debug|x86.ActiveCfg = Debug|Win32
		{3D1FF79A-FB17-4E73-AF9D-CC0AB948FF23}.Debug|x86.Build.0 = Debug|Win32
		{3D1FF79A-FB17-4E73-AF9D-CC0AB948FF23}.Release|x64.ActiveCfg = Release|x64
		{3D1FF79A-FB17-4E73-AF9D-CC0AB948FF23}.Release|x64.Build.0 = Release|x64
		{3D1FF79A-FB17-4E73-AF9D-CC0AB948FF23}.Release|x86.ActiveCfg = Release|Win32
		{3D1FF79A-FB17-4E73-AF9D-CC0AB948FF23}.Release|x86.Build.0 = Release|Win32
		{52E23928-7D6F-4A6A-9243-188B09EF53BC}.Debug|x64.ActiveCfg = Debug|x64
		{52E23928-7D6F-4A6A-9243-188B09EF53BC}.Debug|x64.Build.0 = Debug|x64
		{52E23928-7D6F-4A6A-9243-188B09EF53BC}.Debug|x86.ActiveCfg = Debug|Win32
		{52E23928-7D6F-4A6A-9243-188B09EF53BC}.Debug|x86.Build.0 = Debug|Win32
		{52E23928-7D6F-4A6A-9243-188B09EF53BC}.Release|x64.ActiveCfg = Release|x64
		{52E23928-7D6F-4A6A-9243-188B09EF53BC}.Release|x64.Build.0 = Release|x64
		{52E23928-7D6F-4A6A-9243-188B09EF53BC}.Release|x86.ActiveCfg = Release|Win32
		{52E23928-7D6F-4A6A-9243-188B09EF53BC}.Release|x86.Build.0 = Release|Win32
		{FE5F9054-2778-46BA-835D-FC82AEC1A192}.Debug|x64.ActiveCfg = Debug|x64
		{FE5F9054-2778-46BA-835D-FC82AEC1A192}.Debug|x64.Build.0 = Debug|x64
		{FE5F9054-2778-46BA-835D-FC82AEC1A192}.Debug|x86.ActiveCfg = Debug|Win32
		{FE5F9054-2778-46BA-835D-FC82AEC1A192}.Debug|x86.Build.0 = Debug|Win32
		{FE5F9054-2778-46BA-835D-FC82AEC1A192}.Release|x64.ActiveCfg = Release|x64
		{FE5F9054-2778-46BA-835D-FC82AEC1A192}.Release|x64.Build.0 = Release|x64
		{FE5F9054-2778-46BA-835D-FC82AEC1A192}.Release|x86.ActiveCfg = Release|Win32
		{FE5F9054-2778-46BA-835D-FC82AEC1A192}.Release|x86.Build.0 = Release|Win32
		{67B86C10-08B8-4B68-A078-576031696023}.Debug|x64.ActiveCfg = Debug|x64
		{67B86C10-08B8-4B68-A078-576031696023}.Debug|x64.Build.0 = Debug|x64
		{67B86C10-08B8-4B68-A078-576031696023}.Debug|x86.ActiveCfg = Debug|Win32
		{67B86C10-08B8-4B68-A078-576031696023}.Debug|x86.Build.0 = Debug|Win32
		{67B86C10-08B8-4B68-A078-576031696023}.Release|x64.ActiveCfg = Release|x64
		{67B86C10-08B8-4B68-A078-576031696023}.Release|x64.Build.0 = Release|x64
		{67B86C10-08B8-4B68-A078-576031696023}.Release|x86.ActiveCfg = Release|Win32
		{67B86C10-08B8-4B68-A078-576031696023}.Release|x86.Build.0 = Release|Win32
		{6F8EF6A2-1971-45ED-A054-D68B6C4F3AB8}.Debug|x64.ActiveCfg = Debug|x64
		{6F8EF6A2-1971-45ED-A054-D68B6C4F3AB8}.Debug|x64.Build.0 = Debug|x64
		{6F8EF6A2-1971-45ED-A054-D68B6C4F3AB8}.Debug|x86.ActiveCfg = Debug|Win32
		{6F8EF6A2-1971-45ED-A054-D68B6C4F3AB8}.Debug|x86.Build.0 = Debug|Win32
		{6F8EF6A2-1971-45ED-A054-D68B6C4F3AB8}.Release|x64.ActiveCfg = Release|x64
		{6F8EF6A2-1971-45ED-A054-D68B6C4F3AB8}.Release|x64.Build.0 = Release|x64
		{6F8EF6A2-1971-45ED-A054-D68B6C4F3AB8}.Release|x86.ActiveCfg = Release|Win32
		{6F8EF6A2-1971-45ED-A054-D68B6C4F3AB8}.Release|x86.Build.0 = Release|Win32
		{4BE38A93-8EB8-4984-ADE9-A58A92E1ECA5}.Debug|x64.ActiveCfg = Debug|x64
		{4BE38A93-8EB8-4984-ADE9-A58A92E1ECA5}.Debug|x64.Build.0 = Debug|x64
		{4BE38A93-8EB8-4984-ADE9-A58A92E1ECA5}.Debug|x86.ActiveCfg = Debug|Win32
		{4BE38A93-8EB8-4984-ADE9-A58A92E1ECA5}.Debug|x86.Build.0 = Debug|Win32
		{4BE38A93-8EB8-4984-ADE9-A58A92E1ECA5}.Release|x64.ActiveCfg = Release|x64
		{4BE38A93-8EB8-4984-ADE9-A58A92E1ECA5}.Release|x64.Build.0 = Release|x64
		{4BE38A93-8EB8-4984-ADE9-A58A92E1ECA5}.Release|x86.ActiveCfg = Release|Win32
		{4BE38A93-8EB8-4984-ADE9-A58A92E1ECA5}.Release|x86.Build.0 = Release|Win32
		{5913416A-FA24-4EB5-B6F5-17BB104AEC17}.Debug|x64.ActiveCfg = Debug|x64
		{5913416A-FA24-4EB5-B6F5-17BB104AEC17}.Debug|x64.Build.0 = Debug|x64
		{5913416A-FA24-4EB5-B6F5-17BB104AEC17}.Debug|x86.ActiveCfg = Debug|Win32
		{5913416A-FA24-4EB5-B6F5-17BB104AEC17}.Debug|x86.Build.0 = Debug|Win32
		{5913416A-FA24-4EB5-B6F5-17BB104AEC17}.Release|x64.ActiveCfg = Release|x64
		{5913416A-FA24-4EB5-B6F5-17BB104AEC17}.Release|x64.Build.0 = Release|x64
		{5913416A-FA24-4EB5-B6F5-17BB104AEC17}.Release|x86.ActiveCfg = Release|Win32
		{5913416A-FA24-4EB5-B6F5-17BB104AEC17}.Release|x86.Build.0 = Release|Win32
		{10E7578D-E9F5-4750-B1E4-04C4B9A19949}.Debug|x64.ActiveCfg = Debug|x64
		{10E7578D-E9F5-4750-B1E4-04C4B9A19949}.Debug|x64.Build.0 = Debug|x64
		{10E7578D-E9F5-4750-B1E4-04C4B9A19949}.Debug|x86.ActiveCfg = Debug|Win32
		{10E7578D-E9F5-4750-B1E4-04C4B9A19949}.Debug|x86.Build.0 = Debug|Win32
		{10E7578D-E9F5-4750-B1E4-04C4B9A19949}.Release|x64.ActiveCfg = Release|x64
		{10E7578D-E9F5-4750-B1E4-04C4B9A19949}.Release|x64.Build.0 = Release|x64
		{10E7578D-E9F5-4750-B1E4-04C4B9A19949}.Release|x86.ActiveCfg = Release|Win32
		{10E7578D-E9F5-4750-B1E4-04C4B9A19949}.Release|x86.Build.0 = Release|Win32
		{A44B1D7E-5178-43A5-BAEF-F42B639902C0}.Debug|x64.ActiveCfg = Debug|x64
		{A44B1D7E-5178-43A5-BAEF-F42B639902C0}.Debug|x64.Build.0 = Debug|x64
		{A44B1D7E-5178-43A5-BAEF-F42B639902C0}.Debug|x86.ActiveCfg = Debug|Win32
		{A44B1D7E-5178-43A5-BAEF-F42B639902C0}.Debug|x86.Build.0 = Debug|Win32
		{A44B1D7E-5178-43A5-BAEF-F42B639902C0}.Release|x64.ActiveCfg = Release|x64
		{A44B1D7E-5178-43A5-BAEF-F42B639902C0}.Release|x64.Build.0 = Release|x64
		{A44B1D7E-5178-43A5-BAEF-F42B639902C0}.Release|x86.ActiveCfg = Release|Win32
		{A44B1D7E-5178-43A5-BAEF-F42B639902C0}.Release|x86.Build.0 = Release|Win32
		{88853E27-AEA1-4E81-A9E4-45D04D222BFF}.Debug|x64.ActiveCfg = Debug|x64
		{88853E27-AEA1-4E81-A9E4-45D04D222BFF}.Debug|x64.Build.0 = Debug|x64
		{88853E27-AEA1-4E81-A9E4-45D04D222BFF}.Debug|x86.ActiveCfg = Debug|Win32
		{88853E27-AEA1-4E81-A9E4-45D04D222BFF}.Debug|x86.Build.0 = Debug|Win32
		{88853E27-AEA1-4E81-A9E4-45D04D222BFF}.Release|x64.ActiveCfg = Release|x64
		{88853E27-AEA1-4E81-A9E4-45D04D222BFF}.Release|x64.Build.0 = Release|x64
		{88853E27-AEA1-4E81-A9E4-45D04D222BFF}.Release|x86.ActiveCfg = Release|Win32
		{88853E27-AEA1-4E81-A9E4-45D04D222BFF}.Release|x86.Build.0 = Release|Win32
		{96B4E023-73AB-4A4F-A03A-B54E0CE8E80D}.Debug|x64.ActiveCfg = Debug|x64
		{96B4E023-73AB-4A4F-A03A-B54E0CE8E80D}.Debug|x64.Build.0 = Debug|x64
		{96B4E023-73AB-4A4F-A03A-B54E0CE8E80D}.Debug|x86.ActiveCfg = Debug|Win32
		{96B4E023-73AB-4A4F-A03A-B54E0CE8E80D}.Debug|x86.Build.0 = Debug|Win32
		{96B4E023-73AB-4A4F-A03A-B54E0CE8E80D}.Release|x64.ActiveCfg = Release|x64
		{96B4E023-73AB-4A4F-A03A-B54E0CE8E80D}.Release|x64.Build.0 = Release|x64
		{96B4E023-73AB-4A4F-A03A-B54E0CE8E80D}.Release|x86.ActiveCfg = Release|Win32
		{96B4E023-73AB-4A4F-A03A-B54E0CE8E80D}.Release|x86.Build.0 = Release|Win32
	EndGlobalSection
	GlobalSection(SolutionProperties) = preSolution
		HideSolutionNode = FALSE
	EndGlobalSection
	GlobalSection(ExtensibilityGlobals) = postSolution
		SolutionGuid = {17D26E80-6D62-4C80-8782-8361E4CEC66F}
	EndGlobalSection
EndGlobal
