
Microsoft Visual Studio Solution File, Format Version 12.00
# Visual Studio Version 16
VisualStudioVersion = 16.0.31025.194
MinimumVisualStudioVersion = 10.0.40219.1
Project("{8BC9CEB8-8B4A-11D0-8D11-00A0C91BC942}") = "Practice04-02", "Practice04-02\Practice04-02.vcxproj", "{C16AA495-EF9E-4D5D-8DD6-CBAA07B0D651}"
EndProject
Project("{8BC9CEB8-8B4A-11D0-8D11-00A0C91BC942}") = "Practice04-01", "Practice04-01\Practice04-01.vcxproj", "{C9CAD6EF-A02C-4D15-801F-BAA92FB53CFA}"
EndProject
Project("{8BC9CEB8-8B4A-11D0-8D11-00A0C91BC942}") = "Practice04-03", "Practice04-03\Practice04-03.vcxproj", "{9ECC465A-C369-4229-BA6D-71947144E32C}"
EndProject
Project("{8BC9CEB8-8B4A-11D0-8D11-00A0C91BC942}") = "Practice04-04", "Practice04-04\Practice04-04.vcxproj", "{8F50084B-25C3-479C-BAAA-FF8D392BD50F}"
EndProject
Project("{8BC9CEB8-8B4A-11D0-8D11-00A0C91BC942}") = "Practice04-05", "Practice04-05\Practice04-05.vcxproj", "{4C32F24B-6AAA-4C60-B804-7BCCCAF6378F}"
EndProject
Project("{8BC9CEB8-8B4A-11D0-8D11-00A0C91BC942}") = "Practice04-06", "Practice04-06\Practice04-06.vcxproj", "{B1418B95-B17A-48B6-97DF-3FB07CCA8A46}"
EndProject
Project("{8BC9CEB8-8B4A-11D0-8D11-00A0C91BC942}") = "Practice04-07", "Practice04-07\Practice04-07.vcxproj", "{80FE4455-EBA0-49C3-A127-86BBAC763697}"
EndProject
Project("{8BC9CEB8-8B4A-11D0-8D11-00A0C91BC942}") = "Practice04-08", "Practice04-08\Practice04-08.vcxproj", "{024EC7FC-4CB6-41BF-91FD-C60CB54028F8}"
EndProject
Project("{8BC9CEB8-8B4A-11D0-8D11-00A0C91BC942}") = "Practice04-09", "Practice04-09\Practice04-09.vcxproj", "{21F662FE-F1E0-49F3-BC15-7E722840B7B1}"
EndProject
Project("{8BC9CEB8-8B4A-11D0-8D11-00A0C91BC942}") = "Practice04-10", "Practice04-10\Practice04-10.vcxproj", "{52928CBF-0FE6-44DE-BEED-38A7A0E24FB4}"
EndProject
Global
	GlobalSection(SolutionConfigurationPlatforms) = preSolution
		Debug|x64 = Debug|x64
		Debug|x86 = Debug|x86
		Release|x64 = Release|x64
		Release|x86 = Release|x86
	EndGlobalSection
	GlobalSection(ProjectConfigurationPlatforms) = postSolution
		{C16AA495-EF9E-4D5D-8DD6-CBAA07B0D651}.Debug|x64.ActiveCfg = Debug|x64
		{C16AA495-EF9E-4D5D-8DD6-CBAA07B0D651}.Debug|x64.Build.0 = Debug|x64
		{C16AA495-EF9E-4D5D-8DD6-CBAA07B0D651}.Debug|x86.ActiveCfg = Debug|Win32
		{C16AA495-EF9E-4D5D-8DD6-CBAA07B0D651}.Debug|x86.Build.0 = Debug|Win32
		{C16AA495-EF9E-4D5D-8DD6-CBAA07B0D651}.Release|x64.ActiveCfg = Release|x64
		{C16AA495-EF9E-4D5D-8DD6-CBAA07B0D651}.Release|x64.Build.0 = Release|x64
		{C16AA495-EF9E-4D5D-8DD6-CBAA07B0D651}.Release|x86.ActiveCfg = Release|Win32
		{C16AA495-EF9E-4D5D-8DD6-CBAA07B0D651}.Release|x86.Build.0 = Release|Win32
		{C9CAD6EF-A02C-4D15-801F-BAA92FB53CFA}.Debug|x64.ActiveCfg = Debug|x64
		{C9CAD6EF-A02C-4D15-801F-BAA92FB53CFA}.Debug|x64.Build.0 = Debug|x64
		{C9CAD6EF-A02C-4D15-801F-BAA92FB53CFA}.Debug|x86.ActiveCfg = Debug|Win32
		{C9CAD6EF-A02C-4D15-801F-BAA92FB53CFA}.Debug|x86.Build.0 = Debug|Win32
		{C9CAD6EF-A02C-4D15-801F-BAA92FB53CFA}.Release|x64.ActiveCfg = Release|x64
		{C9CAD6EF-A02C-4D15-801F-BAA92FB53CFA}.Release|x64.Build.0 = Release|x64
		{C9CAD6EF-A02C-4D15-801F-BAA92FB53CFA}.Release|x86.ActiveCfg = Release|Win32
		{C9CAD6EF-A02C-4D15-801F-BAA92FB53CFA}.Release|x86.Build.0 = Release|Win32
		{9ECC465A-C369-4229-BA6D-71947144E32C}.Debug|x64.ActiveCfg = Debug|x64
		{9ECC465A-C369-4229-BA6D-71947144E32C}.Debug|x64.Build.0 = Debug|x64
		{9ECC465A-C369-4229-BA6D-71947144E32C}.Debug|x86.ActiveCfg = Debug|Win32
		{9ECC465A-C369-4229-BA6D-71947144E32C}.Debug|x86.Build.0 = Debug|Win32
		{9ECC465A-C369-4229-BA6D-71947144E32C}.Release|x64.ActiveCfg = Release|x64
		{9ECC465A-C369-4229-BA6D-71947144E32C}.Release|x64.Build.0 = Release|x64
		{9ECC465A-C369-4229-BA6D-71947144E32C}.Release|x86.ActiveCfg = Release|Win32
		{9ECC465A-C369-4229-BA6D-71947144E32C}.Release|x86.Build.0 = Release|Win32
		{8F50084B-25C3-479C-BAAA-FF8D392BD50F}.Debug|x64.ActiveCfg = Debug|x64
		{8F50084B-25C3-479C-BAAA-FF8D392BD50F}.Debug|x64.Build.0 = Debug|x64
		{8F50084B-25C3-479C-BAAA-FF8D392BD50F}.Debug|x86.ActiveCfg = Debug|Win32
		{8F50084B-25C3-479C-BAAA-FF8D392BD50F}.Debug|x86.Build.0 = Debug|Win32
		{8F50084B-25C3-479C-BAAA-FF8D392BD50F}.Release|x64.ActiveCfg = Release|x64
		{8F50084B-25C3-479C-BAAA-FF8D392BD50F}.Release|x64.Build.0 = Release|x64
		{8F50084B-25C3-479C-BAAA-FF8D392BD50F}.Release|x86.ActiveCfg = Release|Win32
		{8F50084B-25C3-479C-BAAA-FF8D392BD50F}.Release|x86.Build.0 = Release|Win32
		{4C32F24B-6AAA-4C60-B804-7BCCCAF6378F}.Debug|x64.ActiveCfg = Debug|x64
		{4C32F24B-6AAA-4C60-B804-7BCCCAF6378F}.Debug|x64.Build.0 = Debug|x64
		{4C32F24B-6AAA-4C60-B804-7BCCCAF6378F}.Debug|x86.ActiveCfg = Debug|Win32
		{4C32F24B-6AAA-4C60-B804-7BCCCAF6378F}.Debug|x86.Build.0 = Debug|Win32
		{4C32F24B-6AAA-4C60-B804-7BCCCAF6378F}.Release|x64.ActiveCfg = Release|x64
		{4C32F24B-6AAA-4C60-B804-7BCCCAF6378F}.Release|x64.Build.0 = Release|x64
		{4C32F24B-6AAA-4C60-B804-7BCCCAF6378F}.Release|x86.ActiveCfg = Release|Win32
		{4C32F24B-6AAA-4C60-B804-7BCCCAF6378F}.Release|x86.Build.0 = Release|Win32
		{B1418B95-B17A-48B6-97DF-3FB07CCA8A46}.Debug|x64.ActiveCfg = Debug|x64
		{B1418B95-B17A-48B6-97DF-3FB07CCA8A46}.Debug|x64.Build.0 = Debug|x64
		{B1418B95-B17A-48B6-97DF-3FB07CCA8A46}.Debug|x86.ActiveCfg = Debug|Win32
		{B1418B95-B17A-48B6-97DF-3FB07CCA8A46}.Debug|x86.Build.0 = Debug|Win32
		{B1418B95-B17A-48B6-97DF-3FB07CCA8A46}.Release|x64.ActiveCfg = Release|x64
		{B1418B95-B17A-48B6-97DF-3FB07CCA8A46}.Release|x64.Build.0 = Release|x64
		{B1418B95-B17A-48B6-97DF-3FB07CCA8A46}.Release|x86.ActiveCfg = Release|Win32
		{B1418B95-B17A-48B6-97DF-3FB07CCA8A46}.Release|x86.Build.0 = Release|Win32
		{80FE4455-EBA0-49C3-A127-86BBAC763697}.Debug|x64.ActiveCfg = Debug|x64
		{80FE4455-EBA0-49C3-A127-86BBAC763697}.Debug|x64.Build.0 = Debug|x64
		{80FE4455-EBA0-49C3-A127-86BBAC763697}.Debug|x86.ActiveCfg = Debug|Win32
		{80FE4455-EBA0-49C3-A127-86BBAC763697}.Debug|x86.Build.0 = Debug|Win32
		{80FE4455-EBA0-49C3-A127-86BBAC763697}.Release|x64.ActiveCfg = Release|x64
		{80FE4455-EBA0-49C3-A127-86BBAC763697}.Release|x64.Build.0 = Release|x64
		{80FE4455-EBA0-49C3-A127-86BBAC763697}.Release|x86.ActiveCfg = Release|Win32
		{80FE4455-EBA0-49C3-A127-86BBAC763697}.Release|x86.Build.0 = Release|Win32
		{024EC7FC-4CB6-41BF-91FD-C60CB54028F8}.Debug|x64.ActiveCfg = Debug|x64
		{024EC7FC-4CB6-41BF-91FD-C60CB54028F8}.Debug|x64.Build.0 = Debug|x64
		{024EC7FC-4CB6-41BF-91FD-C60CB54028F8}.Debug|x86.ActiveCfg = Debug|Win32
		{024EC7FC-4CB6-41BF-91FD-C60CB54028F8}.Debug|x86.Build.0 = Debug|Win32
		{024EC7FC-4CB6-41BF-91FD-C60CB54028F8}.Release|x64.ActiveCfg = Release|x64
		{024EC7FC-4CB6-41BF-91FD-C60CB54028F8}.Release|x64.Build.0 = Release|x64
		{024EC7FC-4CB6-41BF-91FD-C60CB54028F8}.Release|x86.ActiveCfg = Release|Win32
		{024EC7FC-4CB6-41BF-91FD-C60CB54028F8}.Release|x86.Build.0 = Release|Win32
		{21F662FE-F1E0-49F3-BC15-7E722840B7B1}.Debug|x64.ActiveCfg = Debug|x64
		{21F662FE-F1E0-49F3-BC15-7E722840B7B1}.Debug|x64.Build.0 = Debug|x64
		{21F662FE-F1E0-49F3-BC15-7E722840B7B1}.Debug|x86.ActiveCfg = Debug|Win32
		{21F662FE-F1E0-49F3-BC15-7E722840B7B1}.Debug|x86.Build.0 = Debug|Win32
		{21F662FE-F1E0-49F3-BC15-7E722840B7B1}.Release|x64.ActiveCfg = Release|x64
		{21F662FE-F1E0-49F3-BC15-7E722840B7B1}.Release|x64.Build.0 = Release|x64
		{21F662FE-F1E0-49F3-BC15-7E722840B7B1}.Release|x86.ActiveCfg = Release|Win32
		{21F662FE-F1E0-49F3-BC15-7E722840B7B1}.Release|x86.Build.0 = Release|Win32
		{52928CBF-0FE6-44DE-BEED-38A7A0E24FB4}.Debug|x64.ActiveCfg = Debug|x64
		{52928CBF-0FE6-44DE-BEED-38A7A0E24FB4}.Debug|x64.Build.0 = Debug|x64
		{52928CBF-0FE6-44DE-BEED-38A7A0E24FB4}.Debug|x86.ActiveCfg = Debug|Win32
		{52928CBF-0FE6-44DE-BEED-38A7A0E24FB4}.Debug|x86.Build.0 = Debug|Win32
		{52928CBF-0FE6-44DE-BEED-38A7A0E24FB4}.Release|x64.ActiveCfg = Release|x64
		{52928CBF-0FE6-44DE-BEED-38A7A0E24FB4}.Release|x64.Build.0 = Release|x64
		{52928CBF-0FE6-44DE-BEED-38A7A0E24FB4}.Release|x86.ActiveCfg = Release|Win32
		{52928CBF-0FE6-44DE-BEED-38A7A0E24FB4}.Release|x86.Build.0 = Release|Win32
	EndGlobalSection
	GlobalSection(SolutionProperties) = preSolution
		HideSolutionNode = FALSE
	EndGlobalSection
	GlobalSection(ExtensibilityGlobals) = postSolution
		SolutionGuid = {BE7C3FD8-6F59-46DE-87C7-E6780F5FD39B}
	EndGlobalSection
EndGlobal
